
Microsoft Visual Studio Solution File, Format Version 12.00
# Visual Studio Version 16
VisualStudioVersion = 16.0.31624.102
MinimumVisualStudioVersion = 10.0.40219.1
Project("{8BC9CEB8-8B4A-11D0-8D11-00A0C91BC942}") = "helloworld", "helloworld\helloworld.vcxproj", "{80C859C0-380C-4B97-AAE1-5B3E31D54DBF}"
EndProject
Global
	GlobalSection(SolutionConfigurationPlatforms) = preSolution
		Debug|x64 = Debug|x64
		Debug|x86 = Debug|x86
		Release|x64 = Release|x64
		Release|x86 = Release|x86
	EndGlobalSection
	GlobalSection(ProjectConfigurationPlatforms) = postSolution
		{80C859C0-380C-4B97-AAE1-5B3E31D54DBF}.Debug|x64.ActiveCfg = Debug|x64
		{80C859C0-380C-4B97-AAE1-5B3E31D54DBF}.Debug|x64.Build.0 = Debug|x64
		{80C859C0-380C-4B97-AAE1-5B3E31D54DBF}.Debug|x86.ActiveCfg = Debug|Win32
		{80C859C0-380C-4B97-AAE1-5B3E31D54DBF}.Debug|x86.Build.0 = Debug|Win32
		{80C859C0-380C-4B97-AAE1-5B3E31D54DBF}.Release|x64.ActiveCfg = Release|x64
		{80C859C0-380C-4B97-AAE1-5B3E31D54DBF}.Release|x64.Build.0 = Release|x64
		{80C859C0-380C-4B97-AAE1-5B3E31D54DBF}.Release|x86.ActiveCfg = Release|Win32
		{80C859C0-380C-4B97-AAE1-5B3E31D54DBF}.Release|x86.Build.0 = Release|Win32
	EndGlobalSection
	GlobalSection(SolutionProperties) = preSolution
		HideSolutionNode = FALSE
	EndGlobalSection
	GlobalSection(ExtensibilityGlobals) = postSolution
		SolutionGuid = {DEA46DCE-1823-43E7-82B6-C8EBF1A7F228}
	EndGlobalSection
EndGlobal
